
Microsoft Visual Studio Solution File, Format Version 12.00
# Visual Studio Version 17
VisualStudioVersion = 17.3.32811.315
MinimumVisualStudioVersion = 10.0.40219.1
Project("{FAE04EC0-301F-11D3-BF4B-00C04F79EFBC}") = "Componentes", "Componentes.csproj", "{6B728F8B-F6C8-49F5-921A-A882386610AE}"
EndProject
Global
	GlobalSection(SolutionConfigurationPlatforms) = preSolution
		Debug|Any CPU = Debug|Any CPU
		Release|Any CPU = Release|Any CPU
	EndGlobalSection
	GlobalSection(ProjectConfigurationPlatforms) = postSolution
		{6B728F8B-F6C8-49F5-921A-A882386610AE}.Debug|Any CPU.ActiveCfg = Debug|Any CPU
		{6B728F8B-F6C8-49F5-921A-A882386610AE}.Debug|Any CPU.Build.0 = Debug|Any CPU
		{6B728F8B-F6C8-49F5-921A-A882386610AE}.Release|Any CPU.ActiveCfg = Release|Any CPU
		{6B728F8B-F6C8-49F5-921A-A882386610AE}.Release|Any CPU.Build.0 = Release|Any CPU
	EndGlobalSection
	GlobalSection(SolutionProperties) = preSolution
		HideSolutionNode = FALSE
	EndGlobalSection
	GlobalSection(ExtensibilityGlobals) = postSolution
		SolutionGuid = {D22E6627-08EA-4C08-B073-1162D9269315}
	EndGlobalSection
EndGlobal
